
Microsoft Visual Studio Solution File, Format Version 12.00
# Visual Studio Version 17
VisualStudioVersion = 17.2.32526.322
MinimumVisualStudioVersion = 10.0.40219.1
Project("{FAE04EC0-301F-11D3-BF4B-00C04F79EFBC}") = "MultiShop", "MultiShop\MultiShop.csproj", "{FC540F8E-D730-445E-A8FF-2A69FDB906C7}"
EndProject
Global
	GlobalSection(SolutionConfigurationPlatforms) = preSolution
		Debug|Any CPU = Debug|Any CPU
		Release|Any CPU = Release|Any CPU
	EndGlobalSection
	GlobalSection(ProjectConfigurationPlatforms) = postSolution
		{FC540F8E-D730-445E-A8FF-2A69FDB906C7}.Debug|Any CPU.ActiveCfg = Debug|Any CPU
		{FC540F8E-D730-445E-A8FF-2A69FDB906C7}.Debug|Any CPU.Build.0 = Debug|Any CPU
		{FC540F8E-D730-445E-A8FF-2A69FDB906C7}.Release|Any CPU.ActiveCfg = Release|Any CPU
		{FC540F8E-D730-445E-A8FF-2A69FDB906C7}.Release|Any CPU.Build.0 = Release|Any CPU
	EndGlobalSection
	GlobalSection(SolutionProperties) = preSolution
		HideSolutionNode = FALSE
	EndGlobalSection
	GlobalSection(ExtensibilityGlobals) = postSolution
		SolutionGuid = {E5B59A10-E201-45FB-9913-0D2CEC853361}
	EndGlobalSection
EndGlobal
