
Microsoft Visual Studio Solution File, Format Version 12.00
# Visual Studio Version 17
VisualStudioVersion = 17.2.32526.322
MinimumVisualStudioVersion = 10.0.40219.1
Project("{FAE04EC0-301F-11D3-BF4B-00C04F79EFBC}") = "EncapsulationRecordTuple", "EncapsulationRecordTuple\EncapsulationRecordTuple.csproj", "{39D759CA-8089-475E-8933-2966F12169E0}"
EndProject
Global
	GlobalSection(SolutionConfigurationPlatforms) = preSolution
		Debug|Any CPU = Debug|Any CPU
		Release|Any CPU = Release|Any CPU
	EndGlobalSection
	GlobalSection(ProjectConfigurationPlatforms) = postSolution
		{39D759CA-8089-475E-8933-2966F12169E0}.Debug|Any CPU.ActiveCfg = Debug|Any CPU
		{39D759CA-8089-475E-8933-2966F12169E0}.Debug|Any CPU.Build.0 = Debug|Any CPU
		{39D759CA-8089-475E-8933-2966F12169E0}.Release|Any CPU.ActiveCfg = Release|Any CPU
		{39D759CA-8089-475E-8933-2966F12169E0}.Release|Any CPU.Build.0 = Release|Any CPU
	EndGlobalSection
	GlobalSection(SolutionProperties) = preSolution
		HideSolutionNode = FALSE
	EndGlobalSection
	GlobalSection(ExtensibilityGlobals) = postSolution
		SolutionGuid = {AB561135-885E-4490-97D6-0C2A21BCCC8C}
	EndGlobalSection
EndGlobal
