
Microsoft Visual Studio Solution File, Format Version 12.00
# Visual Studio Version 17
VisualStudioVersion = 17.2.32526.322
MinimumVisualStudioVersion = 10.0.40219.1
Project("{FAE04EC0-301F-11D3-BF4B-00C04F79EFBC}") = "ADO_EF", "ADO_EF\ADO_EF.csproj", "{04AF57F7-ADF8-4FDC-8216-4D400CE504A9}"
EndProject
Global
	GlobalSection(SolutionConfigurationPlatforms) = preSolution
		Debug|Any CPU = Debug|Any CPU
		Release|Any CPU = Release|Any CPU
	EndGlobalSection
	GlobalSection(ProjectConfigurationPlatforms) = postSolution
		{04AF57F7-ADF8-4FDC-8216-4D400CE504A9}.Debug|Any CPU.ActiveCfg = Debug|Any CPU
		{04AF57F7-ADF8-4FDC-8216-4D400CE504A9}.Debug|Any CPU.Build.0 = Debug|Any CPU
		{04AF57F7-ADF8-4FDC-8216-4D400CE504A9}.Release|Any CPU.ActiveCfg = Release|Any CPU
		{04AF57F7-ADF8-4FDC-8216-4D400CE504A9}.Release|Any CPU.Build.0 = Release|Any CPU
	EndGlobalSection
	GlobalSection(SolutionProperties) = preSolution
		HideSolutionNode = FALSE
	EndGlobalSection
	GlobalSection(ExtensibilityGlobals) = postSolution
		SolutionGuid = {5C37C9F1-42B0-49CE-9E86-892A1D3B4595}
	EndGlobalSection
EndGlobal
