
Microsoft Visual Studio Solution File, Format Version 12.00
# Visual Studio Version 17
VisualStudioVersion = 17.2.32526.322
MinimumVisualStudioVersion = 10.0.40219.1
Project("{FAE04EC0-301F-11D3-BF4B-00C04F79EFBC}") = "Base_String_Regex_Array", "Base_String_Regex_Array\Base_String_Regex_Array.csproj", "{60187361-84AB-43B1-8555-E72104729889}"
EndProject
Global
	GlobalSection(SolutionConfigurationPlatforms) = preSolution
		Debug|Any CPU = Debug|Any CPU
		Release|Any CPU = Release|Any CPU
	EndGlobalSection
	GlobalSection(ProjectConfigurationPlatforms) = postSolution
		{60187361-84AB-43B1-8555-E72104729889}.Debug|Any CPU.ActiveCfg = Debug|Any CPU
		{60187361-84AB-43B1-8555-E72104729889}.Debug|Any CPU.Build.0 = Debug|Any CPU
		{60187361-84AB-43B1-8555-E72104729889}.Release|Any CPU.ActiveCfg = Release|Any CPU
		{60187361-84AB-43B1-8555-E72104729889}.Release|Any CPU.Build.0 = Release|Any CPU
	EndGlobalSection
	GlobalSection(SolutionProperties) = preSolution
		HideSolutionNode = FALSE
	EndGlobalSection
	GlobalSection(ExtensibilityGlobals) = postSolution
		SolutionGuid = {3BEEA0BA-9A96-47CF-A954-2424499C1147}
	EndGlobalSection
EndGlobal
