
Microsoft Visual Studio Solution File, Format Version 12.00
# Visual Studio Version 17
VisualStudioVersion = 17.2.32526.322
MinimumVisualStudioVersion = 10.0.40219.1
Project("{FAE04EC0-301F-11D3-BF4B-00C04F79EFBC}") = "StaticExamples", "StaticExamples\StaticExamples.csproj", "{875F4C7B-44D3-4506-9AFB-3EE4F89B1812}"
EndProject
Global
	GlobalSection(SolutionConfigurationPlatforms) = preSolution
		Debug|Any CPU = Debug|Any CPU
		Release|Any CPU = Release|Any CPU
	EndGlobalSection
	GlobalSection(ProjectConfigurationPlatforms) = postSolution
		{875F4C7B-44D3-4506-9AFB-3EE4F89B1812}.Debug|Any CPU.ActiveCfg = Debug|Any CPU
		{875F4C7B-44D3-4506-9AFB-3EE4F89B1812}.Debug|Any CPU.Build.0 = Debug|Any CPU
		{875F4C7B-44D3-4506-9AFB-3EE4F89B1812}.Release|Any CPU.ActiveCfg = Release|Any CPU
		{875F4C7B-44D3-4506-9AFB-3EE4F89B1812}.Release|Any CPU.Build.0 = Release|Any CPU
	EndGlobalSection
	GlobalSection(SolutionProperties) = preSolution
		HideSolutionNode = FALSE
	EndGlobalSection
	GlobalSection(ExtensibilityGlobals) = postSolution
		SolutionGuid = {BD030221-62C9-4A61-A80B-89D3E058B7E6}
	EndGlobalSection
EndGlobal
