
Microsoft Visual Studio Solution File, Format Version 12.00
# Visual Studio Version 17
VisualStudioVersion = 17.2.32526.322
MinimumVisualStudioVersion = 10.0.40219.1
Project("{FAE04EC0-301F-11D3-BF4B-00C04F79EFBC}") = "ThreadAsyncTask", "ThreadAsyncTask\ThreadAsyncTask.csproj", "{BE286626-67D2-435F-ADB2-DFD3447F49C0}"
EndProject
Global
	GlobalSection(SolutionConfigurationPlatforms) = preSolution
		Debug|Any CPU = Debug|Any CPU
		Release|Any CPU = Release|Any CPU
	EndGlobalSection
	GlobalSection(ProjectConfigurationPlatforms) = postSolution
		{BE286626-67D2-435F-ADB2-DFD3447F49C0}.Debug|Any CPU.ActiveCfg = Debug|Any CPU
		{BE286626-67D2-435F-ADB2-DFD3447F49C0}.Debug|Any CPU.Build.0 = Debug|Any CPU
		{BE286626-67D2-435F-ADB2-DFD3447F49C0}.Release|Any CPU.ActiveCfg = Release|Any CPU
		{BE286626-67D2-435F-ADB2-DFD3447F49C0}.Release|Any CPU.Build.0 = Release|Any CPU
	EndGlobalSection
	GlobalSection(SolutionProperties) = preSolution
		HideSolutionNode = FALSE
	EndGlobalSection
	GlobalSection(ExtensibilityGlobals) = postSolution
		SolutionGuid = {5F8468E4-ACE1-4A98-9802-5ED2B08C9D67}
	EndGlobalSection
EndGlobal
